// !$*UTF8*$!
{
	archiveVersion = 1;
	classes = {
	};
	objectVersion = 46;
	objects = {

/* Begin PBXBuildFile section */
		7929284C1BD5CD51002C8A4C /* main.m in Sources */ = {isa = PBXBuildFile; fileRef = 7929284B1BD5CD51002C8A4C /* main.m */; };
		792928781BD5E42B002C8A4C /* AppDelegate.m in Sources */ = {isa = PBXBuildFile; fileRef = 792928671BD5E42B002C8A4C /* AppDelegate.m */; settings = {ASSET_TAGS = (); }; };
		792928791BD5E42B002C8A4C /* ViewController.m in Sources */ = {isa = PBXBuildFile; fileRef = 792928691BD5E42B002C8A4C /* ViewController.m */; settings = {ASSET_TAGS = (); }; };
		7929287A1BD5E42B002C8A4C /* BTBSparController.m in Sources */ = {isa = PBXBuildFile; fileRef = 7929286C1BD5E42B002C8A4C /* BTBSparController.m */; settings = {ASSET_TAGS = (); }; };
		7929287C1BD5E42B002C8A4C /* Assets.xcassets in Resources */ = {isa = PBXBuildFile; fileRef = 792928721BD5E42B002C8A4C /* Assets.xcassets */; settings = {ASSET_TAGS = (); }; };
		7929287D1BD5E42B002C8A4C /* LaunchScreen.storyboard in Resources */ = {isa = PBXBuildFile; fileRef = 792928741BD5E42B002C8A4C /* LaunchScreen.storyboard */; settings = {ASSET_TAGS = (); }; };
		7929287E1BD5E42B002C8A4C /* Main.storyboard in Resources */ = {isa = PBXBuildFile; fileRef = 792928761BD5E42B002C8A4C /* Main.storyboard */; settings = {ASSET_TAGS = (); }; };
		CEE7531DE27F182569FA2A22 /* Pods.framework in Frameworks */ = {isa = PBXBuildFile; fileRef = 5E42E982C86CB0116AE56715 /* Pods.framework */; };
/* End PBXBuildFile section */

/* Begin PBXFileReference section */
		5E42E982C86CB0116AE56715 /* Pods.framework */ = {isa = PBXFileReference; explicitFileType = wrapper.framework; includeInIndex = 0; path = Pods.framework; sourceTree = BUILT_PRODUCTS_DIR; };
		792928471BD5CD51002C8A4C /* battroborg.app */ = {isa = PBXFileReference; explicitFileType = wrapper.application; includeInIndex = 0; path = battroborg.app; sourceTree = BUILT_PRODUCTS_DIR; };
		7929284B1BD5CD51002C8A4C /* main.m */ = {isa = PBXFileReference; lastKnownFileType = sourcecode.c.objc; path = main.m; sourceTree = "<group>"; };
		792928661BD5E42B002C8A4C /* AppDelegate.h */ = {isa = PBXFileReference; fileEncoding = 4; lastKnownFileType = sourcecode.c.h; path = AppDelegate.h; sourceTree = "<group>"; };
		792928671BD5E42B002C8A4C /* AppDelegate.m */ = {isa = PBXFileReference; fileEncoding = 4; lastKnownFileType = sourcecode.c.objc; path = AppDelegate.m; sourceTree = "<group>"; };
		792928681BD5E42B002C8A4C /* ViewController.h */ = {isa = PBXFileReference; fileEncoding = 4; lastKnownFileType = sourcecode.c.h; path = ViewController.h; sourceTree = "<group>"; };
		792928691BD5E42B002C8A4C /* ViewController.m */ = {isa = PBXFileReference; fileEncoding = 4; lastKnownFileType = sourcecode.c.objc; path = ViewController.m; sourceTree = "<group>"; };
		7929286B1BD5E42B002C8A4C /* BTBSparController.h */ = {isa = PBXFileReference; fileEncoding = 4; lastKnownFileType = sourcecode.c.h; path = BTBSparController.h; sourceTree = "<group>"; };
		7929286C1BD5E42B002C8A4C /* BTBSparController.m */ = {isa = PBXFileReference; fileEncoding = 4; lastKnownFileType = sourcecode.c.objc; path = BTBSparController.m; sourceTree = "<group>"; };
		792928701BD5E42B002C8A4C /* Info.plist */ = {isa = PBXFileReference; fileEncoding = 4; lastKnownFileType = text.plist.xml; path = Info.plist; sourceTree = "<group>"; };
		792928721BD5E42B002C8A4C /* Assets.xcassets */ = {isa = PBXFileReference; lastKnownFileType = folder.assetcatalog; path = Assets.xcassets; sourceTree = "<group>"; };
		792928751BD5E42B002C8A4C /* Base */ = {isa = PBXFileReference; lastKnownFileType = file.storyboard; name = Base; path = Base.lproj/LaunchScreen.storyboard; sourceTree = "<group>"; };
		792928771BD5E42B002C8A4C /* Base */ = {isa = PBXFileReference; lastKnownFileType = file.storyboard; name = Base; path = Base.lproj/Main.storyboard; sourceTree = "<group>"; };
/* End PBXFileReference section */

/* Begin PBXFrameworksBuildPhase section */
		792928441BD5CD51002C8A4C /* Frameworks */ = {
			isa = PBXFrameworksBuildPhase;
			buildActionMask = 2147483647;
			files = (
				CEE7531DE27F182569FA2A22 /* Pods.framework in Frameworks */,
			);
			runOnlyForDeploymentPostprocessing = 0;
		};
/* End PBXFrameworksBuildPhase section */

/* Begin PBXGroup section */
		7929283E1BD5CD51002C8A4C = {
			isa = PBXGroup;
			children = (
				792928491BD5CD51002C8A4C /* battroborg */,
				792928481BD5CD51002C8A4C /* Products */,
				84460C4967FB4DD94083962C /* Frameworks */,
			);
			sourceTree = "<group>";
		};
		792928481BD5CD51002C8A4C /* Products */ = {
			isa = PBXGroup;
			children = (
				792928471BD5CD51002C8A4C /* battroborg.app */,
			);
			name = Products;
			sourceTree = "<group>";
		};
		792928491BD5CD51002C8A4C /* battroborg */ = {
			isa = PBXGroup;
			children = (
				792928641BD5E42B002C8A4C /* Classes */,
				7929286E1BD5E42B002C8A4C /* Resources */,
				7929284A1BD5CD51002C8A4C /* Supporting Files */,
			);
			path = battroborg;
			sourceTree = "<group>";
		};
		7929284A1BD5CD51002C8A4C /* Supporting Files */ = {
			isa = PBXGroup;
			children = (
				7929284B1BD5CD51002C8A4C /* main.m */,
			);
			name = "Supporting Files";
			sourceTree = "<group>";
		};
		792928641BD5E42B002C8A4C /* Classes */ = {
			isa = PBXGroup;
			children = (
				792928651BD5E42B002C8A4C /* Controller */,
				7929286A1BD5E42B002C8A4C /* Model */,
				7929286D1BD5E42B002C8A4C /* View */,
			);
			path = Classes;
			sourceTree = "<group>";
		};
		792928651BD5E42B002C8A4C /* Controller */ = {
			isa = PBXGroup;
			children = (
				792928661BD5E42B002C8A4C /* AppDelegate.h */,
				792928671BD5E42B002C8A4C /* AppDelegate.m */,
				792928681BD5E42B002C8A4C /* ViewController.h */,
				792928691BD5E42B002C8A4C /* ViewController.m */,
			);
			path = Controller;
			sourceTree = "<group>";
		};
		7929286A1BD5E42B002C8A4C /* Model */ = {
			isa = PBXGroup;
			children = (
				7929286B1BD5E42B002C8A4C /* BTBSparController.h */,
				7929286C1BD5E42B002C8A4C /* BTBSparController.m */,
			);
			path = Model;
			sourceTree = "<group>";
		};
		7929286D1BD5E42B002C8A4C /* View */ = {
			isa = PBXGroup;
			children = (
			);
			path = View;
			sourceTree = "<group>";
		};
		7929286E1BD5E42B002C8A4C /* Resources */ = {
			isa = PBXGroup;
			children = (
				7929286F1BD5E42B002C8A4C /* General */,
				792928711BD5E42B002C8A4C /* Images */,
				792928731BD5E42B002C8A4C /* Interface */,
			);
			path = Resources;
			sourceTree = "<group>";
		};
		7929286F1BD5E42B002C8A4C /* General */ = {
			isa = PBXGroup;
			children = (
				792928701BD5E42B002C8A4C /* Info.plist */,
			);
			path = General;
			sourceTree = "<group>";
		};
		792928711BD5E42B002C8A4C /* Images */ = {
			isa = PBXGroup;
			children = (
				792928721BD5E42B002C8A4C /* Assets.xcassets */,
			);
			path = Images;
			sourceTree = "<group>";
		};
		792928731BD5E42B002C8A4C /* Interface */ = {
			isa = PBXGroup;
			children = (
				792928741BD5E42B002C8A4C /* LaunchScreen.storyboard */,
				792928761BD5E42B002C8A4C /* Main.storyboard */,
			);
			path = Interface;
			sourceTree = "<group>";
		};
		84460C4967FB4DD94083962C /* Frameworks */ = {
			isa = PBXGroup;
			children = (
				5E42E982C86CB0116AE56715 /* Pods.framework */,
			);
			name = Frameworks;
			sourceTree = "<group>";
		};
/* End PBXGroup section */

/* Begin PBXNativeTarget section */
		792928461BD5CD51002C8A4C /* battroborg */ = {
			isa = PBXNativeTarget;
			buildConfigurationList = 7929285E1BD5CD51002C8A4C /* Build configuration list for PBXNativeTarget "battroborg" */;
			buildPhases = (
				792928431BD5CD51002C8A4C /* Sources */,
				792928441BD5CD51002C8A4C /* Frameworks */,
				792928451BD5CD51002C8A4C /* Resources */,
			);
			buildRules = (
			);
			dependencies = (
			);
			name = battroborg;
			productName = battroborg;
			productReference = 792928471BD5CD51002C8A4C /* battroborg.app */;
			productType = "com.apple.product-type.application";
		};
/* End PBXNativeTarget section */

/* Begin PBXProject section */
		7929283F1BD5CD51002C8A4C /* Project object */ = {
			isa = PBXProject;
			attributes = {
				LastUpgradeCheck = 0700;
				ORGANIZATIONNAME = PubNub;
				TargetAttributes = {
					792928461BD5CD51002C8A4C = {
						CreatedOnToolsVersion = 7.0.1;
					};
				};
			};
			buildConfigurationList = 792928421BD5CD51002C8A4C /* Build configuration list for PBXProject "battroborg" */;
			compatibilityVersion = "Xcode 3.2";
			developmentRegion = English;
			hasScannedForEncodings = 0;
			knownRegions = (
				en,
				Base,
			);
			mainGroup = 7929283E1BD5CD51002C8A4C;
			productRefGroup = 792928481BD5CD51002C8A4C /* Products */;
			projectDirPath = "";
			projectRoot = "";
			targets = (
				792928461BD5CD51002C8A4C /* battroborg */,
			);
		};
/* End PBXProject section */

/* Begin PBXResourcesBuildPhase section */
		792928451BD5CD51002C8A4C /* Resources */ = {
			isa = PBXResourcesBuildPhase;
			buildActionMask = 2147483647;
			files = (
				7929287D1BD5E42B002C8A4C /* LaunchScreen.storyboard in Resources */,
				7929287C1BD5E42B002C8A4C /* Assets.xcassets in Resources */,
				7929287E1BD5E42B002C8A4C /* Main.storyboard in Resources */,
			);
			runOnlyForDeploymentPostprocessing = 0;
		};
/* End PBXResourcesBuildPhase section */

/* Begin PBXSourcesBuildPhase section */
		792928431BD5CD51002C8A4C /* Sources */ = {
			isa = PBXSourcesBuildPhase;
			buildActionMask = 2147483647;
			files = (
				7929287A1BD5E42B002C8A4C /* BTBSparController.m in Sources */,
				792928791BD5E42B002C8A4C /* ViewController.m in Sources */,
				792928781BD5E42B002C8A4C /* AppDelegate.m in Sources */,
				7929284C1BD5CD51002C8A4C /* main.m in Sources */,
			);
			runOnlyForDeploymentPostprocessing = 0;
		};
/* End PBXSourcesBuildPhase section */

/* Begin PBXVariantGroup section */
		792928741BD5E42B002C8A4C /* LaunchScreen.storyboard */ = {
			isa = PBXVariantGroup;
			children = (
				792928751BD5E42B002C8A4C /* Base */,
			);
			name = LaunchScreen.storyboard;
			sourceTree = "<group>";
		};
		792928761BD5E42B002C8A4C /* Main.storyboard */ = {
			isa = PBXVariantGroup;
			children = (
				792928771BD5E42B002C8A4C /* Base */,
			);
			name = Main.storyboard;
			sourceTree = "<group>";
		};
/* End PBXVariantGroup section */

/* Begin XCBuildConfiguration section */
		7929285C1BD5CD51002C8A4C /* Debug */ = {
			isa = XCBuildConfiguration;
			buildSettings = {
				ALWAYS_SEARCH_USER_PATHS = NO;
				CLANG_CXX_LANGUAGE_STANDARD = "gnu++0x";
				CLANG_CXX_LIBRARY = "libc++";
				CLANG_ENABLE_MODULES = YES;
				CLANG_ENABLE_OBJC_ARC = YES;
				CLANG_WARN_BOOL_CONVERSION = YES;
				CLANG_WARN_CONSTANT_CONVERSION = YES;
				CLANG_WARN_DIRECT_OBJC_ISA_USAGE = YES_ERROR;
				CLANG_WARN_EMPTY_BODY = YES;
				CLANG_WARN_ENUM_CONVERSION = YES;
				CLANG_WARN_INT_CONVERSION = YES;
				CLANG_WARN_OBJC_ROOT_CLASS = YES_ERROR;
				CLANG_WARN_UNREACHABLE_CODE = YES;
				CLANG_WARN__DUPLICATE_METHOD_MATCH = YES;
				"CODE_SIGN_IDENTITY[sdk=iphoneos*]" = "iPhone Developer";
				COPY_PHASE_STRIP = NO;
				DEBUG_INFORMATION_FORMAT = dwarf;
				ENABLE_STRICT_OBJC_MSGSEND = YES;
				ENABLE_TESTABILITY = YES;
				GCC_C_LANGUAGE_STANDARD = gnu99;
				GCC_DYNAMIC_NO_PIC = NO;
				GCC_NO_COMMON_BLOCKS = YES;
				GCC_OPTIMIZATION_LEVEL = 0;
				GCC_PREPROCESSOR_DEFINITIONS = (
					"DEBUG=1",
					"$(inherited)",
				);
				GCC_WARN_64_TO_32_BIT_CONVERSION = YES;
				GCC_WARN_ABOUT_RETURN_TYPE = YES_ERROR;
				GCC_WARN_UNDECLARED_SELECTOR = YES;
				GCC_WARN_UNINITIALIZED_AUTOS = YES_AGGRESSIVE;
				GCC_WARN_UNUSED_FUNCTION = YES;
				GCC_WARN_UNUSED_VARIABLE = YES;
				IPHONEOS_DEPLOYMENT_TARGET = 9.0;
				MTL_ENABLE_DEBUG_INFO = YES;
				ONLY_ACTIVE_ARCH = YES;
				SDKROOT = iphoneos;
				TARGETED_DEVICE_FAMILY = "1,2";
			};
			name = Debug;
		};
		7929285D1BD5CD51002C8A4C /* Release */ = {
			isa = XCBuildConfiguration;
			buildSettings = {
				ALWAYS_SEARCH_USER_PATHS = NO;
				CLANG_CXX_LANGUAGE_STANDARD = "gnu++0x";
				CLANG_CXX_LIBRARY = "libc++";
				CLANG_ENABLE_MODULES = YES;
				CLANG_ENABLE_OBJC_ARC = YES;
				CLANG_WARN_BOOL_CONVERSION = YES;
				CLANG_WARN_CONSTANT_CONVERSION = YES;
				CLANG_WARN_DIRECT_OBJC_ISA_USAGE = YES_ERROR;
				CLANG_WARN_EMPTY_BODY = YES;
				CLANG_WARN_ENUM_CONVERSION = YES;
				CLANG_WARN_INT_CONVERSION = YES;
				CLANG_WARN_OBJC_ROOT_CLASS = YES_ERROR;
				CLANG_WARN_UNREACHABLE_CODE = YES;
				CLANG_WARN__DUPLICATE_METHOD_MATCH = YES;
				"CODE_SIGN_IDENTITY[sdk=iphoneos*]" = "iPhone Developer";
				COPY_PHASE_STRIP = NO;
				DEBUG_INFORMATION_FORMAT = "dwarf-with-dsym";
				ENABLE_NS_ASSERTIONS = NO;
				ENABLE_STRICT_OBJC_MSGSEND = YES;
				GCC_C_LANGUAGE_STANDARD = gnu99;
				GCC_NO_COMMON_BLOCKS = YES;
				GCC_WARN_64_TO_32_BIT_CONVERSION = YES;
				GCC_WARN_ABOUT_RETURN_TYPE = YES_ERROR;
				GCC_WARN_UNDECLARED_SELECTOR = YES;
				GCC_WARN_UNINITIALIZED_AUTOS = YES_AGGRESSIVE;
				GCC_WARN_UNUSED_FUNCTION = YES;
				GCC_WARN_UNUSED_VARIABLE = YES;
				IPHONEOS_DEPLOYMENT_TARGET = 9.0;
				MTL_ENABLE_DEBUG_INFO = NO;
				SDKROOT = iphoneos;
				TARGETED_DEVICE_FAMILY = "1,2";
				VALIDATE_PRODUCT = YES;
			};
			name = Release;
		};
		7929285F1BD5CD51002C8A4C /* Debug */ = {
			isa = XCBuildConfiguration;
			buildSettings = {
				ASSETCATALOG_COMPILER_APPICON_NAME = AppIcon;
				INFOPLIST_FILE = "$(SRCROOT)/battroborg/Resources/General/Info.plist";
				IPHONEOS_DEPLOYMENT_TARGET = 8.0;
				LD_RUNPATH_SEARCH_PATHS = "$(inherited) @executable_path/Frameworks";
				PRODUCT_BUNDLE_IDENTIFIER = com.pubnub.battroborg;
				PRODUCT_NAME = "$(TARGET_NAME)";
			};
			name = Debug;
		};
		792928601BD5CD51002C8A4C /* Release */ = {
			isa = XCBuildConfiguration;
			buildSettings = {
				ASSETCATALOG_COMPILER_APPICON_NAME = AppIcon;
				INFOPLIST_FILE = "$(SRCROOT)/battroborg/Resources/General/Info.plist";
				IPHONEOS_DEPLOYMENT_TARGET = 8.0;
				LD_RUNPATH_SEARCH_PATHS = "$(inherited) @executable_path/Frameworks";
				PRODUCT_BUNDLE_IDENTIFIER = com.pubnub.battroborg;
				PRODUCT_NAME = "$(TARGET_NAME)";
			};
			name = Release;
		};
/* End XCBuildConfiguration section */

/* Begin XCConfigurationList section */
		792928421BD5CD51002C8A4C /* Build configuration list for PBXProject "battroborg" */ = {
			isa = XCConfigurationList;
			buildConfigurations = (
				7929285C1BD5CD51002C8A4C /* Debug */,
				7929285D1BD5CD51002C8A4C /* Release */,
			);
			defaultConfigurationIsVisible = 0;
			defaultConfigurationName = Release;
		};
		7929285E1BD5CD51002C8A4C /* Build configuration list for PBXNativeTarget "battroborg" */ = {
			isa = XCConfigurationList;
			buildConfigurations = (
				7929285F1BD5CD51002C8A4C /* Debug */,
				792928601BD5CD51002C8A4C /* Release */,
			);
			defaultConfigurationIsVisible = 0;
			defaultConfigurationName = Release;
		};
/* End XCConfigurationList section */
	};
	rootObject = 7929283F1BD5CD51002C8A4C /* Project object */;
}
